
Microsoft Visual Studio Solution File, Format Version 12.00
# Visual Studio 14
VisualStudioVersion = 14.0.25420.1
MinimumVisualStudioVersion = 10.0.40219.1
Project("{FAE04EC0-301F-11D3-BF4B-00C04F79EFBC}") = "BloodForLifeEntity", "BloodForLifeEntity\BloodForLifeEntity.csproj", "{8C47A866-DD6B-478E-B76B-19A85163CF74}"
EndProject
Project("{FAE04EC0-301F-11D3-BF4B-00C04F79EFBC}") = "BloodForLifeRepository", "BloodForLifeRepository\BloodForLifeRepository.csproj", "{69D30763-4E48-47BF-ABED-28855F59C51C}"
EndProject
Project("{FAE04EC0-301F-11D3-BF4B-00C04F79EFBC}") = "BloodForLifeService", "BloodForLifeService\BloodForLifeService.csproj", "{0A04C087-8695-4653-8A96-1DE31A1EE204}"
EndProject
Project("{FAE04EC0-301F-11D3-BF4B-00C04F79EFBC}") = "BloodForLife", "BloodForLife\BloodForLife.csproj", "{A8CC3216-60BC-4FFB-A29A-0CE303510041}"
EndProject
Project("{FAE04EC0-301F-11D3-BF4B-00C04F79EFBC}") = "ApiDemo", "ApiDemo\ApiDemo.csproj", "{4C8A1D8E-DE41-4C67-8494-E4F12605095E}"
EndProject
Global
	GlobalSection(SolutionConfigurationPlatforms) = preSolution
		Debug|Any CPU = Debug|Any CPU
		Release|Any CPU = Release|Any CPU
	EndGlobalSection
	GlobalSection(ProjectConfigurationPlatforms) = postSolution
		{8C47A866-DD6B-478E-B76B-19A85163CF74}.Debug|Any CPU.ActiveCfg = Debug|Any CPU
		{8C47A866-DD6B-478E-B76B-19A85163CF74}.Debug|Any CPU.Build.0 = Debug|Any CPU
		{8C47A866-DD6B-478E-B76B-19A85163CF74}.Release|Any CPU.ActiveCfg = Release|Any CPU
		{8C47A866-DD6B-478E-B76B-19A85163CF74}.Release|Any CPU.Build.0 = Release|Any CPU
		{69D30763-4E48-47BF-ABED-28855F59C51C}.Debug|Any CPU.ActiveCfg = Debug|Any CPU
		{69D30763-4E48-47BF-ABED-28855F59C51C}.Debug|Any CPU.Build.0 = Debug|Any CPU
		{69D30763-4E48-47BF-ABED-28855F59C51C}.Release|Any CPU.ActiveCfg = Release|Any CPU
		{69D30763-4E48-47BF-ABED-28855F59C51C}.Release|Any CPU.Build.0 = Release|Any CPU
		{0A04C087-8695-4653-8A96-1DE31A1EE204}.Debug|Any CPU.ActiveCfg = Debug|Any CPU
		{0A04C087-8695-4653-8A96-1DE31A1EE204}.Debug|Any CPU.Build.0 = Debug|Any CPU
		{0A04C087-8695-4653-8A96-1DE31A1EE204}.Release|Any CPU.ActiveCfg = Release|Any CPU
		{0A04C087-8695-4653-8A96-1DE31A1EE204}.Release|Any CPU.Build.0 = Release|Any CPU
		{A8CC3216-60BC-4FFB-A29A-0CE303510041}.Debug|Any CPU.ActiveCfg = Debug|Any CPU
		{A8CC3216-60BC-4FFB-A29A-0CE303510041}.Debug|Any CPU.Build.0 = Debug|Any CPU
		{A8CC3216-60BC-4FFB-A29A-0CE303510041}.Release|Any CPU.ActiveCfg = Release|Any CPU
		{A8CC3216-60BC-4FFB-A29A-0CE303510041}.Release|Any CPU.Build.0 = Release|Any CPU
		{4C8A1D8E-DE41-4C67-8494-E4F12605095E}.Debug|Any CPU.ActiveCfg = Debug|Any CPU
		{4C8A1D8E-DE41-4C67-8494-E4F12605095E}.Debug|Any CPU.Build.0 = Debug|Any CPU
		{4C8A1D8E-DE41-4C67-8494-E4F12605095E}.Release|Any CPU.ActiveCfg = Release|Any CPU
		{4C8A1D8E-DE41-4C67-8494-E4F12605095E}.Release|Any CPU.Build.0 = Release|Any CPU
	EndGlobalSection
	GlobalSection(SolutionProperties) = preSolution
		HideSolutionNode = FALSE
	EndGlobalSection
EndGlobal
